hash: 0dec002b28a290f021ac63d3a4c0a81bd1e03191fc3c57c1717625f58c4017a2
updated: 2017-09-14T17:57:37.856084913+02:00
imports:
- name: github.com/aaasen/kapok
  version: b3a454001825c4e26fe21fac61f214c1a6c284ed
  subpackages:
  - generate
  - parse
  - stats
- name: github.com/adlio/trello
  version: 9b16227a39ccebfd1a3665f779136338e0dca61d
- name: github.com/aerokite/go-github-watcher
  version: 4d4c8884aaeefb14733dcc2b63b685f7dc868957
  subpackages:
  - pkg/github
  - pkg/transport
  - pkg/watcher
- name: github.com/agrison/go-tablib
  version: 4930582c22eec7bfc0e5b47e0246d5048a78fe49
- name: github.com/agrison/mxj
  version: 1269f8afb3b42d0e7b9cf60041e8e187727c88d6
- name: github.com/alaska/boltqueue
  version: 944e945c0fdf60fba694c482c3f982a2937683b6
- name: github.com/alecthomas/kingpin
  version: 297a08eca3cfe76b1bc87a752ec3272fbac539ef
- name: github.com/alecthomas/template
  version: a0175ee3bccc567396460bf5acd36800cb10c49c
  subpackages:
  - parse
- name: github.com/alecthomas/units
  version: 2efee857e7cfd4f3d0138cc3cbb1b4966962b93a
- name: github.com/alex023/eventbus
  version: 199659d30b52d4727d5b38ae3740f6d7f1bdb166
- name: github.com/andybalholm/cascadia
  version: 349dd0209470eabd9514242c688c403c0926d266
- name: github.com/anschelsc/finder
  version: 548008377e7539d7bc588f08e934e266645e1f8e
- name: github.com/antzucaro/matchr
  version: 63146c76a4e12211c0d269f5fb74dab2c24e3067
- name: github.com/armon/go-proxyproto
  version: 48572f11356f1843b694f21a290d4f1006bc5e47
- name: github.com/asaskevich/EventBus
  version: 9223ecd796146991d8ffc3b822d5aa02f15aee97
- name: github.com/asaskevich/govalidator
  version: 73945b6115bfbbcc57d89b7316e28109364124e1
- name: github.com/asdine/storm
  version: 617fe4aad8735e47f878c39a597ec135963d1d79
- name: github.com/asimshankar/go-tensorflow
  version: 5d9402c0cf4baf5b2dc9ad5f58d7eeba6e724012
  subpackages:
  - variable
  - word2vec
- name: github.com/aviddiviner/gin-limit
  version: 825c226896ef004b7cfde59a3be3694016e4d577
- name: github.com/bassam/stargazers
  version: afeabe0367e0b8cae37f4c85b72d8cc2f920fef1
  repo: https://github.com/bassam/stargazers.git
  vcs: git
- name: github.com/bblfsh/sdk
  version: 63a5c96d2d00e2b76932f26459d089e0bcbf5835
  subpackages:
  - protocol
- name: github.com/beorn7/perks
  version: 4c0e84591b9aa9e6dcfdf3e020114cd81f89d5f9
  subpackages:
  - quantile
- name: github.com/bjaglin/multiplexio
  version: 7477705f395a7cc682ae2453b04377e9f4984779
- name: github.com/blackjack/webcam
  version: c66781168cf8f7c1c9f3c431af4a34c7691b948c
  subpackages:
  - ioctl
- name: github.com/blevesearch/bleve
  version: 97393d027342f43b17da2f02c090a4e728ac929f
  subpackages:
  - analysis
  - analysis/analyzers/keyword_analyzer
  - analysis/analyzers/simple_analyzer
  - analysis/analyzers/standard_analyzer
  - analysis/datetime_parsers/datetime_optional
  - analysis/datetime_parsers/flexible_go
  - analysis/language/en
  - analysis/token_filters/lower_case_filter
  - analysis/token_filters/porter
  - analysis/token_filters/stop_tokens_filter
  - analysis/tokenizers/character
  - analysis/tokenizers/letter
  - analysis/tokenizers/single_token
  - analysis/tokenizers/unicode
  - document
  - index
  - index/store
  - index/store/boltdb
  - index/store/gtreap
  - index/upside_down
  - numeric_util
  - registry
  - search
  - search/collectors
  - search/facets
  - search/highlight
  - search/highlight/fragment_formatters/html
  - search/highlight/fragmenters/simple
  - search/highlight/highlighters/html
  - search/highlight/highlighters/simple
  - search/scorers
  - search/searchers
- name: github.com/blevesearch/go-porterstemmer
  version: 23a2c8e5cf1f380f27722c6d2ae8896431dc7d0e
  repo: https://github.com/blevesearch/go-porterstemmer
- name: github.com/blevesearch/segment
  version: db70c57796cc8c310613541dfade3dce627d09c7
  repo: https://github.com/blevesearch/segment
- name: github.com/bndr/gojenkins
  version: 10d416706df701ae959182e4ae94fde6984c7c22
- name: github.com/bndr/gotabulate
  version: bc555436bfd5d4e93a2dd35b462ce37e067afdda
- name: github.com/boltdb/bolt
  version: 144418e1475d8bf7abbdc48583500f1a20c62ea7
- name: github.com/bradfitz/gomemcache
  version: 1952afaa557dc08e8e0d89eafab110fb501c1a2b
  subpackages:
  - memcache
- name: github.com/briandowns/spinner
  version: 48dbb65d7bd5c74ab50d53d04c949f20e3d14944
- name: github.com/BurntSushi/toml
  version: a368813c5e648fee92e5f6c30e3944ff9d5e8895
- name: github.com/cayleygraph/cayley
  version: d972f98ad3458d830a2136d1c963f86712beaa87
  subpackages:
  - graph
  - graph/bolt
  - graph/bolt2
  - graph/kv
  - graph/leveldb
  - graph/memstore
  - graph/mongo
  - graph/path
  - graph/sql
  - quad
  - query
  - schema
  - voc
  - voc/core
  - voc/rdf
  - voc/rdfs
  - voc/schema
  - writer
- name: github.com/cdipaolo/goml
  version: e2d8def04c9a19893aba223c21899c77089651ee
  subpackages:
  - base
  - cluster
  - linear
  - perceptron
  - text
- name: github.com/cep21/xdgbasedir
  version: 21470bfc93b9903bce0beaebb037b1d04d0be523
- name: github.com/ChimeraCoder/gojson
  version: a03c307f091c00a370e216940f0446430c434962
- name: github.com/ckaznocha/taggraph
  version: c8b73cac4a55f757e8085691130649045aaae0a2
- name: github.com/clbanning/mxj
  version: 1cda74d18ebbb04f525b355309c16d594e1f8f77
- name: github.com/colinmarc/hdfs
  version: cdda132fb253decd0fb23f1bb183bad5fd8c7fe4
  subpackages:
  - protocol/hadoop_common
  - protocol/hadoop_hdfs
  - rpc
- name: github.com/coreos/etcd
  version: bb66589f8cf18960c7f3d56b1b83753caeed9c7a
  subpackages:
  - auth/authpb
  - client
  - clientv3
  - clientv3/concurrency
  - etcdserver/api/v3rpc/rpctypes
  - etcdserver/etcdserverpb
  - mvcc/mvccpb
  - pkg/pathutil
  - pkg/srv
  - pkg/types
  - version
- name: github.com/coreos/go-semver
  version: 8ab6407b697782a06568d4b7f1db25550ec2e4c6
  subpackages:
  - semver
- name: github.com/d4l3k/etcdummy
  version: 4a1e6135a56eed21ba9499ad1243b006a836bf7e
- name: github.com/d4l3k/go-highlight
  version: 34974ebcad41f0ff31f66c4da097af1f7d335feb
  subpackages:
  - languages
  - registry
  - trie
- name: github.com/d4l3k/go-internetarchive
  version: 2db65e416662d9c44366e6271b9b2e4eff1a537a
- name: github.com/d4l3k/messagediff
  version: 29f32d820d112dbd66e58492a6ffb7cc3106312b
- name: github.com/danieldk/tensorflow
  version: fdac33ee1d2cf04c1e62320689dd6b189f071096
  subpackages:
  - config
- name: github.com/davecgh/go-spew
  version: a476722483882dd40b8111f0eb64e1d7f43f56e4
  subpackages:
  - spew
- name: github.com/daviddengcn/go-colortext
  version: 805cee6e0d43c72ba1d4e3275965ff41e0da068a
- name: github.com/dchest/cache
  version: 7ffbc07a5fba16b2dd176ae664be21c38cdb20f8
- name: github.com/deckarep/gosx-notifier
  version: 61a88900fb062ed8c63828adf4d7b58463b61f78
- name: github.com/degdb/degdb
  version: a69b0804daddf97dcacc876daa199078a293a9d0
  subpackages:
  - bitcoin
  - core
  - crypto
  - network
  - network/customhttp
  - network/ip
  - protocol
  - query
  - triplestore
- name: github.com/devopsfaith/krakend
  version: 8c47f9e3be78b8aa95849049f9f03530ab095e70
  subpackages:
  - config
  - config/viper
  - core
  - encoding
  - logging
  - logging/gologging
  - proxy
  - router
  - router/gin
  - router/gorilla
  - router/mux
  - router/negroni
  - sd
  - sd/dnssrv
  - sd/etcd
- name: github.com/dgraph-io/badger
  version: 9ed12b9ece41c0bc071d91e8cef9e1ac8f5836fb
- name: github.com/dgrijalva/jwt-go
  version: a539ee1a749a2b895533f979515ac7e6e0f5b650
  subpackages:
  - request
- name: github.com/disintegration/imaging
  version: a5858022df0e1734a59f973fffe3f87b51c087ed
- name: github.com/disintegration/mqmq
  version: 6da5bf0c79dc4a5f2f0e727c39c6c5c6243d969c
- name: github.com/disintegration/pak
  version: 81c2e5493fa73fcb1c5eafbd8aaa1507d3969db4
- name: github.com/dlemmond1/ArxBot
  version: 4f0909effa46dd06a5be629e52e172ad7f8d3998
- name: github.com/dns-gh/tojson
  version: 08784bbde46500d10140290334351ef62a59ce2a
- name: github.com/docker/engine-api
  version: 4290f40c056686fcaa5c9caf02eac1dde9315adf
  subpackages:
  - client
  - client/transport
  - client/transport/cancellable
  - types
  - types/blkiodev
  - types/container
  - types/filters
  - types/mount
  - types/network
  - types/reference
  - types/registry
  - types/strslice
  - types/swarm
  - types/time
  - types/versions
- name: github.com/docker/go-connections
  version: 3ede32e2033de7505e6500d6c868c2b9ed9f169d
  subpackages:
  - nat
  - sockets
  - tlsconfig
- name: github.com/docker/go-units
  version: 0dadbb0345b35ec7ef35e228dabb8de89a65bf52
- name: github.com/docker/libkv
  version: 93ab0e6c056d325dfbb11e1d58a3b4f5f62e7f3c
  subpackages:
  - store/boltdb
  - store/consul
  - store/etcd
  - store/mock
  - store/zookeeper
- name: github.com/dustin/go-humanize
  version: 79e699ccd02f240a1f1fbbdcee7e64c1c12e41aa
- name: github.com/dwarvesf/glod
  version: f0f508efed37904759a66781466e8c8efb9749f7
- name: github.com/edsrzf/mmap-go
  version: 0bce6a6887123b67a60366d2c9fe2dfb74289d2e
- name: github.com/emirpasic/gods
  version: c4fc0ef8b1fa112dc494a06438c99670c779d150
  subpackages:
  - containers
  - lists/arraylist
  - lists/doublylinkedlist
  - lists/singlylinkedlist
  - maps/hashbidimap
  - maps/hashmap
  - maps/treebidimap
  - maps/treemap
  - sets/hashset
  - sets/treeset
  - stacks/arraystack
  - stacks/linkedliststack
  - trees/avltree
  - trees/binaryheap
  - trees/btree
  - trees/redblacktree
  - utils
- name: github.com/ericfode/SpiderDB
  version: 19ef69f3a8df9369f6988ade531eb2b98151bcc8
- name: github.com/facebookgo/httpdown
  version: a3b1354551a26449fbe05f5d855937f6e7acbd71
- name: github.com/fatih/color
  version: 570b54cabe6b8eb0bc2dfce68d964677d63b5260
- name: github.com/fatih/structs
  version: 7e5a8eef611ee84dd359503f3969f80df4c50723
- name: github.com/flynn/go-shlex
  version: 3f9db97f856818214da2e1057f8ad84803971cff
- name: github.com/foobarcloud/emerald
  version: abee1d8f48f3184bc260ed3d483226c899969812
- name: github.com/fsnotify/fsnotify
  version: 4da3e2cfbabc9f751898f250b49f2439785783a1
- name: github.com/galeone/tfgo
  version: 716853d868ca8c923c8d406716757e9bb66610ca
- name: github.com/garyburd/redigo
  version: 70e1b1943d4fc9c56791abaa6f4d1e727b9ab925
  subpackages:
  - internal
  - redis
- name: github.com/geekypanda/httpcache
  version: 01f18a9beadcc489be4f89c92e82c02e251268cc
  subpackages:
  - cfg
  - entry
  - fhttp
  - fhttp/rule
  - nethttp
  - nethttp/rule
  - ruleset
  - server
  - uri
- name: github.com/GeertJohan/go.rice
  version: c02ca9a983da5807ddf7d796784928f5be4afd09
- name: github.com/generaltso/git4go
  version: 060dbfa3f1a162f0397a779e79e571dec2807fad
- name: github.com/generaltso/linguist
  version: ae6cce277081f0ad2feb886483ec3dd43573e0e6
  subpackages:
  - data
  - tokenizer
- name: github.com/gijsbers/go-pcre
  version: a84f3096ab3c390f97c94f4e9f20c60c019068c5
- name: github.com/gin-contrib/sse
  version: 22d885f9ecc78bf4ee5d72b937e4bbcdc58e8cae
- name: github.com/gin-gonic/contrib
  version: 0f937ce6d016f44b2f5b1f03787e055977e7c0b8
  subpackages:
  - cache
  - jwt
  - secure
- name: github.com/gin-gonic/gin
  version: 5afc5b19730118c9b8324fe9dd995d44ec65c81a
  subpackages:
  - binding
  - json
  - render
- name: github.com/github/hub
  version: 2d345171cddbf61422f19bb8123d57841b6156f6
- name: github.com/go-gremlin/gremlin
  version: b1304fec4ed06215d7cee9178e64229d637f353d
- name: github.com/go-kit/kit
  version: a9ca6725cbbea455e61c6bc8a1ed28e81eb3493b
  subpackages:
  - endpoint
  - log
  - log/level
  - log/term
  - transport/http
- name: github.com/go-redis/redis
  version: fdafb11e5fa5d52d965e12073c8a58468c98ebe2
- name: github.com/go-sql-driver/mysql
  version: 14f4292c08c0daf077adddd5824cffc82a797ff4
- name: github.com/gocarina/gocsv
  version: f266cf0be5f037d9a61782dafa0f342f96919188
- name: github.com/gogo/protobuf
  version: 909568be09de550ed094403c2bf8a261b5bb730a
  subpackages:
  - gogoproto
  - proto
  - protoc-gen-gogo/descriptor
- name: github.com/golang/glog
  version: 23def4e6c14b4da8ac2ed8007337bc5eb5007998
- name: github.com/golang/groupcache
  version: b710c8433bd175204919eb38776e944233235d03
  subpackages:
  - consistenthash
  - groupcachepb
  - lru
  - singleflight
- name: github.com/golang/protobuf
  version: 17ce1425424ab154092bbb43af630bd647f3bb0d
  vcs: git
  subpackages:
  - descriptor
  - jsonpb
  - proto
  - proto
  - protoc-gen-go/descriptor
  - ptypes
  - ptypes/any
  - ptypes/duration
  - ptypes/empty
  - ptypes/struct
  - ptypes/timestamp
  - ptypes/wrappers
- name: github.com/golibri/list
  version: 3ec1512536df37b32f717c032c256ddcf93e3025
- name: github.com/google/btree
  version: 316fb6d3f031ae8f4d457c6c5186b9e3ded70435
- name: github.com/google/go-github
  version: 12126fbfe000a09047ebdeb2b5160be3af88ab9e
  subpackages:
  - github
- name: github.com/google/go-querystring
  version: 53e6ce116135b80d037921a7fdd5138cf32d7a8a
  subpackages:
  - query
- name: github.com/google/zoekt
  version: fffb84db5d0d0329ba85407aec80f9a644f97fd4
- name: github.com/gorilla/context
  version: 08b5f424b9271eedf6f9f0ce86cb9396ed337a42
- name: github.com/gorilla/mux
  version: 24fca303ac6da784b9e8269f724ddeb0b2eea5e7
- name: github.com/gorilla/pat
  version: cf955c3d1f2c27ee96f93e9738085c762ff5f49d
- name: github.com/gorilla/securecookie
  version: e59506cc896acb7f7bf732d4fdf5e25f7ccd8983
- name: github.com/gorilla/sessions
  version: b61c93cb7f67533c8bfbb5ea450efc07e5833c5e
- name: github.com/gosimple/slug
  version: e9f42fa127660e552d0ad2b589868d403a9be7c6
- name: github.com/gregjones/httpcache
  version: 787624de3eb7bd915c329cba748687a3b22666a6
- name: github.com/gtank/cryptopasta
  version: 1f550f6f2f69009f6ae57347c188e0a67cd4e500
- name: github.com/h2non/filetype
  version: 0230e2881124d72908a3ebe17d681c5472132644
- name: github.com/hashicorp/go-plugin
  version: 3e6d191694b5a3a2b99755f31b47fa209e4bcd09
- name: github.com/hashicorp/hcl
  version: 8f6b1344a92ff8877cf24a5de9177bf7d0a2a187
  subpackages:
  - hcl/ast
  - hcl/parser
  - hcl/scanner
  - hcl/strconv
  - hcl/token
  - json/parser
  - json/scanner
  - json/token
- name: github.com/helinwang/tfsum
  version: 0203575258a50dc3a8aac2928629f42ea73bddc0
  subpackages:
  - tensorflow/core/framework
  - tensorflow/core/util
- name: github.com/hoop33/entrevista
  version: 419a1a2be5540cc6d77b54236bea2fdff096c993
- name: github.com/howeyc/gopass
  version: bf9dde6d0d2c004a008c27aaee91170c786f6db8
  repo: https://github.com/howeyc/gopass
- name: github.com/huandu/skiplist
  version: 7ab5ac951b51eba9d25b63669af2cd266be25d38
- name: github.com/hydrogen18/memlistener
  version: 54553eb933fb8c2d6103afed4c7173d807d26c0a
- name: github.com/imdario/mergo
  version: e3000cb3d28c72b837601cac94debd91032d19fe
- name: github.com/iNamik/go_container
  version: eeed139927beff3de037c192dacb065ae1730057
  subpackages:
  - queue
- name: github.com/iNamik/go_pkg
  version: 318399af75a1104f0298bcffc1e1d828997e09c9
  subpackages:
  - bufio/bleeder
- name: github.com/inconshreveable/log15
  version: b105bd37f74e5d9dc7b6ad7806715c7a2b83fd3f
- name: github.com/inconshreveable/mousetrap
  version: 76626ae9c91c4f2a10f34cad8ce83ea42c93bb75
- name: github.com/jbenet/go-context
  version: d14ea06fba99483203c19d92cfcd13ebe73135f4
  subpackages:
  - io
- name: github.com/jbowles/lexer
  version: 076e603c9f9d59a5f89a4465b686e16d7540a011
- name: github.com/jbowles/nlpt-cld2
  version: 78602921e9183556f228f43ee4c826f7eda8f49f
- name: github.com/jbowles/nlpt-detect
  version: 7f89ea2d2f0372c41ae4e05d6e4fa093ad90604b
- name: github.com/jbowles/nlpt-ir
  version: 2cae0d5d250864cd226c264d8011347e0969d59e
- name: github.com/jbowles/nlpt-tkz
  version: e0eb03f1225c6154d6f2ac5ee42e6c22badab49d
- name: github.com/jbowles/topiclab
  version: 9a59249405a6d86fc44f57f996751c19d036120d
- name: github.com/jbowles/wordlab
  version: 92583bc8e766794d0c789dae1bb994315b35a138
- name: github.com/jbowles/wordvec
  version: 11ad9132d389b9d5224a9b9c9e103d9e8c5eeca4
- name: github.com/jbrukh/bayesian
  version: bf3f261f9a9c61145c60d47665b0518cc32c774f
- name: github.com/jdkato/prose
  version: 2f94c80e59645786cd98cdcda1263e5ae903f6fd
  subpackages:
  - chunk
  - internal/model
  - internal/util
  - summarize
  - tag
  - tokenize
  - transform
- name: github.com/jessevdk/go-flags
  version: 96dc06278ce32a0e9d957d590bb987c81ee66407
- name: github.com/jinzhu/configor
  version: 6c409036e1aea1420f2e1a196f95c0e3c4aef091
- name: github.com/jinzhu/gorm
  version: 5174cc5c242a728b435ea2be8a2f7f998e15429b
  subpackages:
  - dialects/msyql
  - dialects/mysql
  - dialects/postgres
  - dialects/sqlite
- name: github.com/jinzhu/inflection
  version: 1c35d901db3da928c72a72d8458480cc9ade058f
- name: github.com/jinzhu/now
  version: d939ba741945c047cac69c329c5fb0d6b4a06520
- name: github.com/jirfag/go-queryset
  version: a2f07913cd78a2fdb594d1a3dff71eb72cbf85c6
  subpackages:
  - queryset
- name: github.com/jmcvetta/neoism
  version: 2ffb5c69feb355227c6ee8679768d7289e6d7193
- name: github.com/jmcvetta/randutil
  version: 2bb1b664bcff821e02b2a0644cd29c7e824d54f8
- name: github.com/johnsto/go-highlight
  version: 779cb76d8a86e8b70da1366670898dcf7c412057
  subpackages:
  - lexers
  - output
  - output/term
- name: github.com/jpillora/backoff
  version: 06c7a16c845dc8e0bf575fafeeca0f5462f5eb4d
- name: github.com/jsccast/tinygraph
  version: 72b309a39878d5618ba15fa102a6b5e906ddb43e
- name: github.com/jsimnz/goplugin
  version: 4abda20728804eb4dd833196790aee1c112c7c9d
- name: github.com/json-iterator/go
  version: 6a4ba7bfa9e8d65cfd026267a44165b688352ad7
- name: github.com/juju/errors
  version: c7d06af17c68cd34c835053720b21f6549d9b0ee
- name: github.com/k0kubun/pp
  version: d1532fc5d94ecdf2da29e24d7b99721f3287de4a
- name: github.com/kaneshin/pigeon
  version: d7664b8a7da76bc93fe315bf41fe8f9f79a8a08b
- name: github.com/kayteh/waifudb
  version: 67cbe56874046f2318d625196526da9b2ab66766
  subpackages:
  - client
  - datastore
  - db
  - util
- name: github.com/kelseyhightower/envconfig
  version: bc1350181c239ebcef7a398f576160021f5dfed6
- name: github.com/klauspost/compress
  version: f3dce52e0576655d55fd69e74b63da96ad1108f3
  subpackages:
  - flate
  - gzip
  - zlib
- name: github.com/klauspost/cpuid
  version: ae7887de9fa5d2db4eaa8174a7eff2c1ac00f2da
- name: github.com/kr/pretty
  version: cfb55aafdaf3ec08f0db22699ab822c50091b1c4
- name: github.com/kr/text
  version: 7cafcd837844e784b526369c9bce262804aebc60
- name: github.com/kylelemons/godebug
  version: d65d576e9348f5982d7f6d83682b694e731a45c6
  subpackages:
  - diff
  - pretty
- name: github.com/lann/builder
  version: f22ce00fd9394014049dad11c244859432bd6820
- name: github.com/lann/ps
  version: 62de8c46ede02a7675c4c79c84883eb164cb71e3
- name: github.com/lib/pq
  version: e42267488fe361b9dc034be7a6bffef5b195bceb
  subpackages:
  - hstore
  - oid
- name: github.com/luk-ai/lukai
  version: ca29668a8c5143edfcfa26ebf0d19cd35b2686fd
  subpackages:
  - bindable
  - debounce
  - metrics
  - net
  - protobuf/aggregatorpb
  - protobuf/clientpb
  - protobuf/managerpb
  - protobuf/tensorflow
  - tf
- name: github.com/magiconair/properties
  version: 8d7837e64d3c1ee4e54a880c5a920ab4316fc90a
- name: github.com/mailgun/manners
  version: df18ed182a6091325f32554ad705e35a7309d2f7
- name: github.com/markbates/goth
  version: 1d9143df24de9048fe3c6e413c9f7bea692f7d54
  subpackages:
  - gothic
  - providers/amazon
  - providers/auth0
  - providers/battlenet
  - providers/bitbucket
  - providers/box
  - providers/dailymotion
  - providers/deezer
  - providers/digitalocean
  - providers/discord
  - providers/dropbox
  - providers/eveonline
  - providers/facebook
  - providers/fitbit
  - providers/github
  - providers/gitlab
  - providers/gplus
  - providers/heroku
  - providers/instagram
  - providers/intercom
  - providers/lastfm
  - providers/linkedin
  - providers/meetup
  - providers/onedrive
  - providers/openidConnect
  - providers/paypal
  - providers/salesforce
  - providers/slack
  - providers/soundcloud
  - providers/spotify
  - providers/steam
  - providers/stripe
  - providers/twitch
  - providers/twitter
  - providers/uber
  - providers/wepay
  - providers/xero
  - providers/yahoo
  - providers/yammer
- name: github.com/maruel/panicparse
  version: e097e77a230345db8ac8961861c81fb509c845c9
  subpackages:
  - internal
  - stack
- name: github.com/Masterminds/squirrel
  version: a6b93000bd219143c56c16e6cb1c4b91da3f224b
- name: github.com/mattn/go-colorable
  version: 5411d3eea5978e6cdc258b30de592b60df6aba96
  repo: https://github.com/mattn/go-colorable
- name: github.com/mattn/go-isatty
  version: 57fdcb988a5c543893cc61bce354a6e24ab70022
  repo: https://github.com/mattn/go-isatty
- name: github.com/mattn/go-runewidth
  version: 9e777a8366cce605130a531d2cd6363d07ad7317
  subpackages:
  - runewidth.go
- name: github.com/mattn/go-sqlite3
  version: 05548ff55570cdb9ac72ff4a25a3b5e77a6fb7e5
- name: github.com/matttproud/golang_protobuf_extensions
  version: c12348ce28de40eed0136aa2b644d0ee0650e56c
  subpackages:
  - pbutil
- name: github.com/mcuadros/go-defaults
  version: e1c978be3307be96ef03a0bd25d719ab50d277e4
- name: github.com/mellistibco/DataPrep
  version: a0da9c1cc60dad288f020e22c5daccfb32ee88f2
  subpackages:
  - HumanActivity/PreProcessData
- name: github.com/mellistibco/flogo-ml
  version: b9e2a11a6598d57aed2280aed33ebf0c4ef041e7
  subpackages:
  - activities/inference
  - framework
  - framework/tf
  - model
  - tensorflow/core/example
  - tensorflow/core/framework
  - tensorflow/core/protobuf
  - utils
- name: github.com/mgutz/ansi
  version: 9520e82c474b0a04dd04f8a40959027271bab992
- name: github.com/mholt/archiver
  version: fe92d3d85a514d2752ad3b61ec412b598a2754f9
- name: github.com/michaelsauter/crane
  version: 3fb24ea2857f7821ba323f72d6cf190dd0484083
  subpackages:
  - crane
- name: github.com/microcosm-cc/bluemonday
  version: 68fecaef60268522d2ac3f0123cec9d3bcab7b6e
- name: github.com/Microsoft/go-winio
  version: 78439966b38d69bf38227fbf57ac8a6fee70f69a
- name: github.com/mitchellh/go-homedir
  version: b8bc1bf767474819792c23f32d8286a45736f1c6
- name: github.com/mitchellh/mapstructure
  version: d0303fe809921458f417bcf828397a65db30a7e4
- name: github.com/mmcdole/gofeed
  version: 6ccd8620e1110c07992bb4d80c11e9bb57670fed
  subpackages:
  - atom
  - extensions
  - internal/shared
  - rss
- name: github.com/mmcdole/goxpp
  version: 77e4a51a73ed99ee3f33c1474dc166866304acbd
- name: github.com/motemen/ghq
  version: 1dd91c7932348dcbd88a695038c03986a6c1fcc3
  subpackages:
  - utils
- name: github.com/motemen/go-colorine
  version: 49ff36b8fa42db28092361cd20dcefd0b03b1472
- name: github.com/mrjones/oauth
  version: 3f67d9c274355678b2f9844b08d643e2f9213340
- name: github.com/mschoch/blackfriday-text
  version: f4ea365e801b9d91b76da776f785a80e5ddf9a36
- name: github.com/muesli/beehive
  version: 21d14b880246012bf3c9d492f184949bffd74d67
  subpackages:
  - bees
- name: github.com/muesli/regommend
  version: 4c7ca70fc61d030b305c6348ad3c3e755b7c3d43
- name: github.com/mynameisfiber/gohll
  version: 0342274b3491d4c3be479f966c1154d6a43fdadc
- name: github.com/neelance/graphql-go
  version: 10eb949b8f4439212ef19d5d924c47c10c110cc7
  subpackages:
  - errors
  - example/starwars
  - internal/common
  - internal/exec
  - internal/exec/packer
  - internal/exec/resolvable
  - internal/exec/selected
  - internal/query
  - internal/schema
  - internal/validation
  - introspection
  - log
  - relay
  - trace
- name: github.com/nhurel/dim
  version: 7eed66f08ee1c44a8280e429688723fc8b0273b9
  subpackages:
  - cli
  - cmd
  - lib
  - lib/environment
  - lib/index
  - lib/registry
  - lib/utils
  - server
  - wrapper/dockerClient
- name: github.com/nickswift/bacongraph
  version: 4d2e38a0494b705189cd84f524e525f4c0539a15
  subpackages:
  - graph
  - wiki
- name: github.com/oklog/ulid
  version: 66bb6560562feca7045b23db1ae85b01260f87c5
- name: github.com/oliveagle/boltq
  version: 92e945cb3b44861362e8ba795f8d8f9a746e734e
- name: github.com/onsi/gomega
  version: dcabb60a477c2b6f456df65037cb6708210fbb02
  subpackages:
  - format
  - internal/assertion
  - internal/asyncassertion
  - internal/oraclematcher
  - internal/testingtsupport
  - matchers
  - matchers/support/goraph/bipartitegraph
  - matchers/support/goraph/edge
  - matchers/support/goraph/node
  - matchers/support/goraph/util
  - types
- name: github.com/op/go-logging
  version: 970db520ece77730c7e4724c61121037378659d9
- name: github.com/opentracing/opentracing-go
  version: 8ebe5d4e236eed9fd88e593c288bfb804d630b8c
  subpackages:
  - ext
  - log
- name: github.com/patrickmn/go-cache
  version: a3647f8e31d79543b2d0f0ae2fe5c379d72cedc0
- name: github.com/pelletier/go-toml
  version: 1d6b12b7cb290426e27e6b4e38b89fcda3aeef03
- name: github.com/pkg/errors
  version: 2b3a18b5f0fb6b4f9190549597d3f962c02bc5eb
- name: github.com/pksunkara/pygments
  version: 3b84c4ee4834ff9c296267e3d9e8866363f3497b
- name: github.com/pmezard/go-difflib
  version: d8ed2627bdf02c080bf22230dbb337003b7aba2d
  subpackages:
  - difflib
- name: github.com/prometheus/client_golang
  version: 50b3332fd63be43e38472600ec187ceec39d26d6
  subpackages:
  - prometheus
- name: github.com/prometheus/client_model
  version: 6f3806018612930941127f2a7c6c453ba2c527d2
  subpackages:
  - go
- name: github.com/prometheus/common
  version: 49fee292b27bfff7f354ee0f64e1bc4850462edf
  subpackages:
  - expfmt
  - internal/bitbucket.org/ww/goautoneg
  - model
- name: github.com/prometheus/procfs
  version: a1dba9ce8baed984a2495b658c82687f8157b98f
  subpackages:
  - xfs
- name: github.com/PuerkitoBio/goquery
  version: ce645ea5e67a713599b7415f21f0786451fa9554
- name: github.com/qor/admin
  version: 64cdc434f748a6d37dd93b8678f03150e2fe825d
- name: github.com/qor/assetfs
  version: ff57fdc13a148d39c3e930cb27c7eaf82e376891
  subpackages:
  - filesystem
- name: github.com/qor/l10n
  version: a8218426d1e0083c61cc99e26c382a6809d53460
- name: github.com/qor/media
  version: a833138a30abf1c42692d77334f4c81f4a9ccc59
  subpackages:
  - media_library
  - oss
- name: github.com/qor/middlewares
  version: 781378b69454a545d08058d8154aca40d079e7ab
- name: github.com/qor/oss
  version: cdabd64fd390d98d5aed2eb548c97221519e45ff
  subpackages:
  - filesystem
  - s3
- name: github.com/qor/publish
  version: 76f9d81eb0efac643099d5a19b574a26155179a0
- name: github.com/qor/publish2
  version: 0e146bf5a4cee33d4ad83c35241ed9b7043d085a
- name: github.com/qor/qor
  version: 843ff6066b4fc9f723da987b670f483295f2d94e
  subpackages:
  - resource
  - utils
- name: github.com/qor/responder
  version: 2d882089748afcf4e729334d7bb7fa17057de2e9
- name: github.com/qor/roles
  version: 4b5e54326f5b13fe76cfb6206ee53f547250c700
- name: github.com/qor/seo
  version: 37ef48e0aa75bccee4e9487afd2aa82c94f64445
- name: github.com/qor/serializable_meta
  version: b2914e39966b992a6a0d11aae564dcdd1fc8314a
- name: github.com/qor/session
  version: 8206b0adab706a6ef3ee6fabba2584d34429a26a
  subpackages:
  - gorilla
  - manager
- name: github.com/qor/slug
  version: c7ae3bce336f2d23f4571e7ae5cfc333b0a6dd87
- name: github.com/qor/sorting
  version: c968dde92fbc6e1264801578aeefc2861fae9967
- name: github.com/qor/validations
  version: c8be0f7b95080477388bac66d3ee4379e96a9b38
- name: github.com/qor/widget
  version: 78d8c7f7dad2ca51d357b8cafd4331632e7cf57a
- name: github.com/qor/worker
  version: 403b51352c9b049fecfdfa045e30ade87d63613a
- name: github.com/raff/godet
  version: 12e95d9f285ebd5f739804d487d0202b9d780b93
- name: github.com/rai-project/caffe
  version: c19af62dd0e3d43bab6b447c99c8389562bdf722
- name: github.com/rai-project/caffe2
  version: 5688d81442ba5cc8b3db2b3902363def341b28ca
- name: github.com/rai-project/carml
  version: 3252ae3f812541dc18c889ba41dcb3b9d051ab1c
- name: github.com/rai-project/dldataset
  version: 0a0bff9e874b8183ae85a5cd8d8a780f194aa8cc
  subpackages:
  - vision
- name: github.com/rai-project/dlframework
  version: 161c8ba9c3ab49b021b241ed052fff2968a8a583
- name: github.com/rai-project/go-caffe2
  version: 7bc7fd8ac6b5c68a6907416e38a1bb2381951315
- name: github.com/rai-project/go-mxnet-predictor
  version: 4654ffb2455372d43dc3e2b67037f7aaaa6faf3c
- name: github.com/rai-project/inle
  version: a6e8c66cec0fcb4d67e9372a4d8f1ee04db4e8a9
- name: github.com/rai-project/linguist
  version: db241cd74f9a26efc450987fa2223e06693880ba
  subpackages:
  - pkg
- name: github.com/rai-project/mxnet
  version: b803aef433e9c8ebbd7d4261ceef90530166442c
- name: github.com/rai-project/rai
  version: 147487b051a3bf2bd7f161dfe563be0958b3c1cc
- name: github.com/rai-project/rai-srcmanager
  version: 076656e4439d3bb0012e129b4cfa9edc2f19b54b
  subpackages:
  - pkg
- name: github.com/rai-project/raid
  version: 8e55e12307b8f9a9dbe7c1404ab9d7163f406d47
- name: github.com/rai-project/tensorflow
  version: 674ebc17b718c829ea5b26089967304982b53267
- name: github.com/rainycape/unidecode
  version: cb7f23ec59bec0d61b19c56cd88cee3d0cc1870c
- name: github.com/rcrowley/go-metrics
  version: 1f30fe9094a513ce4c700b9a54458bbb0c96996c
- name: github.com/robfig/cron
  version: 736158dc09e10f1911ca3a1e1b01f11b566ce5db
- name: github.com/robfig/go-cache
  version: 9fc39e0dbf62c034ec4e45e6120fc69433a3ec51
- name: github.com/roscopecoltran/go-github
  version: a1f8dc517f174bcd66da1149811d5ea567f6f3e9
  vcs: git
- name: github.com/roscopecoltran/sniperkit-sift
  version: 5df2e904a67d39de938e4cb96171b09d4c0d688c
  subpackages:
  - plugins/gitignore
  - sift
- name: github.com/russross/blackfriday
  version: 4048872b16cc0fc2c5fd9eacf0ed2c2fedaa0c8c
- name: github.com/rwcarlsen/goexif
  version: 709fab3d192d7c62f86043caff1e7e3fb0f42bd8
- name: github.com/ryszard/goskiplist
  version: 2dfbae5fcf46374f166f8969cb07e167f1be6273
  subpackages:
  - skiplist
- name: github.com/ryszard/tfutils
  version: 98de232c7c683af966681fe05225fb2e53c82679
  subpackages:
  - go/example
  - go/tfrecord
- name: github.com/satori/go.uuid
  version: 879c5887cd475cd7864858769793b2ceb0d44feb
- name: github.com/sauyon/go-chromemessage
  version: ada0f420d89990dbb080658d0320d52abece2b20
  subpackages:
  - chrome
- name: github.com/segmentio/ksuid
  version: 1c9d746aad27142a443654fba83c3b7578dbeba0
- name: github.com/serenize/snaker
  version: 1c7f65329f6524115af8ca01ab604c00cddf5558
- name: github.com/sergi/go-diff
  version: feef008d51ad2b3778f85d387ccf91735543008d
  subpackages:
  - diffmatchpatch
- name: github.com/shibukawa/bsearch
  version: 8c107cfb29e10820234c2a798c3bb2be32bb80c2
- name: github.com/shixzie/nlp
  version: 56412099d21f6993e527f39d5729bd42acd63598
- name: github.com/shurcooL/events
  version: 945103dc485702db68717c7e05167b2169265fb9
  subpackages:
  - event
  - fs
  - githubapi
- name: github.com/shurcooL/githubql
  version: 71882d9f5f43fe50be204fe37db8994bf70072bb
  subpackages:
  - ident
  - internal/jsonutil
- name: github.com/shurcooL/go
  version: 85cf7b32989cc33f64afac4bc0e1ef4020b43669
  subpackages:
  - ctxhttp
- name: github.com/shurcooL/graphql
  version: 0fb09acdcc06ef35639ce9d14a5217a0b70b8c4b
  subpackages:
  - ident
  - internal/jsonutil
- name: github.com/shurcooL/notifications
  version: b4852984e53d2405e715ae203ddb8a307e90462d
  subpackages:
  - fs
  - githubapi
- name: github.com/shurcooL/users
  version: 945a33185d4e06cf5f015b862af44171de43b850
- name: github.com/sirupsen/logrus
  version: 89742aefa4b206dcf400792f3bd35b542998eb3b
- name: github.com/skratchdot/open-golang
  version: 75fb7ed4208cf72d323d7d02fd1a5964a7a9073c
  subpackages:
  - open
- name: github.com/SlyMarbo/rss
  version: 68215f9a9b0d4f578096060ef2ed39a7b7fc8b0b
- name: github.com/smoya/ghtop
  version: c63b3537563638057a77a05649c4afbbc343b678
  subpackages:
  - pkg/contributor
  - pkg/e2e
  - pkg/handler
  - pkg/httpx
  - pkg/logx
  - pkg/server
- name: github.com/sourcegraph/annotate
  version: f4cad6c6324d3f584e1743d8b3e0e017a5f3a636
- name: github.com/sourcegraph/syntaxhighlight
  version: bd320f5d308e1a3c4314c678d8227a0d72574ae7
- name: github.com/speps/go-hashids
  version: c6ced3330f133cec79e144fb11b2e4c5154059ae
- name: github.com/spf13/afero
  version: ee1bd8ee15a1306d1f9201acc41ef39cd9f99a1b
  subpackages:
  - mem
- name: github.com/spf13/cast
  version: acbeb36b902d72a7a4c18e8f3241075e7ab763e4
- name: github.com/spf13/cobra
  version: b78744579491c1ceeaaa3b40205e56b0591b93a3
- name: github.com/spf13/jwalterweatherman
  version: 12bd96e66386c1960ab0f74ced1362f66f552f7b
- name: github.com/spf13/pflag
  version: 7aff26db30c1be810f9de5038ec5ef96ac41fd7c
- name: github.com/spf13/viper
  version: 25b30aa063fc18e48662b86996252eabdcf2f0c7
- name: github.com/src-d/berserker
  version: 7a0c3f5df46744fb55c9d07d4e634b73228b8645
  subpackages:
  - extractor
- name: github.com/src-d/borges
  version: 9552b4479a1c6e515d3cb662efc4c7a6317b99c0
- name: github.com/src-d/enry
  version: a6faaaf0128fde3710702173925a44a28e383c37
  subpackages:
  - data
- name: github.com/src-d/envconfig
  version: 34ca5bb0e3815d60fe5008b1dd188beb83e2e7df
- name: github.com/src-d/gcfg
  version: f187355171c936ac84a82793659ebb4936bc1c23
  subpackages:
  - scanner
  - token
  - types
- name: github.com/src-d/go-billy
  version: d0dc16de10d86398cc9aba4513a2453b401eceb3
  subpackages:
  - helper
  - memfs
  - osfs
  - utill
- name: github.com/src-d/go-git-fixtures
  version: 47aee2a8c29ab8d46b819254f7b88d7f4d1ac981
- name: github.com/src-d/rovers
  version: 3f77cb81a35bab45b0b096f9e97c4ee0adb0df72
  subpackages:
  - commands
  - core
  - providers/bitbucket
  - providers/bitbucket/model
  - providers/cgit
  - providers/cgit/model
  - providers/github
  - providers/github/model
  - utils
  - utils/websearch
  - utils/websearch/bing
- name: github.com/steveyen/gtreap
  version: 0abe01ef9be25c4aedc174758ec2d917314d6d70
  repo: https://github.com/steveyen/gtreap
- name: github.com/streadway/amqp
  version: 2cbfe40c9341ad63ba23e53013b3ddc7989d801c
- name: github.com/stretchr/testify
  version: 4d4bfba8f1d1027c4fdbe371823030df51419987
  repo: https://github.com/stretchr/testify
  subpackages:
  - assert
  - require
- name: github.com/swirsz/facebookcrawler
  version: 7f7d041651e69445ec4473ff6d7319bebb9e56cb
- name: github.com/sybrexsys/RapidMQ
  version: 215ba28f810776784d9ad6b1b710f95feda265f5
  subpackages:
  - queue
- name: github.com/taskcluster/jsonschema2go
  version: af4f3c500d169674ce3ba7bac98bfee68b2da245
- name: github.com/tchajed/wordenc
  version: 637793d528e93421fddfa9c52304cf9a81894a7e
  subpackages:
  - shortdict
- name: github.com/tealeg/xlsx
  version: a06c872a6c402f194e9c817cf30f3840a75f8ffe
- name: github.com/tebeka/selenium
  version: a7e71178aa40d9b298d464b912c4e831b2be4455
- name: github.com/tensorflow/tensorflow
  version: 1f19b8cf38dcf7b468cb7f4e6d969966a495e167
  subpackages:
  - tensorflow/go
  - tensorflow/go/op
- name: github.com/theplant/cldr
  version: b97a4c2a76cf8ba21d1cb8ed2f4c8ee103371e2d
- name: github.com/theplant/gormutils
  version: 9a52905e471f8f0dd11ce1370996bf4c7a9b3742
- name: github.com/theplant/jsonhandlerfunc
  version: cf20ea24b9d0763a454e66d3e2c217dc1df1774c
- name: github.com/timshannon/bolthold
  version: bc8956a9fb080ceee3fb5168f8d8ecd974cb7d5b
- name: github.com/toomore/lazyflickrgo
  version: 65bd843972ba35be1891ff267072eedc223a3f58
  subpackages:
  - ""
  - flickr
  - jsonstruct
  - utils
- name: github.com/toqueteos/trie
  version: 56fed4a05683322f125e2d78ee269bb102280392
- name: github.com/tylertreat/BoomFilters
  version: 894fc0d07ef71050281111ca3953677cfe84e0df
- name: github.com/ugorji/go
  version: ded73eae5db7e7a0ef6f55aace87a2873c5d2b74
  subpackages:
  - codec
- name: github.com/UltimateSoftware/udocs
  version: ec4c72be013b1baa98a3114e7bbb8d46c5f3e943
  subpackages:
  - cli/cmd
  - cli/config
  - cli/server
  - cli/storage
  - cli/udocs
- name: github.com/Unknwon/goconfig
  version: 87a46d97951ee1ea20ed3b24c25646a79e87ba5d
- name: github.com/urandom/handler
  version: 4d85b3a1dddf499b7277066e9bac9d7206429ac5
  subpackages:
  - lang
- name: github.com/urandom/text-summary
  version: 3e2dd4c46c539daea022b498279a925cff9791dc
  subpackages:
  - summarize
- name: github.com/urfave/negroni
  version: c262547a5086067ebe455c81db5cc52eb298ac3c
- name: github.com/valyala/bytebufferpool
  version: e746df99fe4a3986f4d4f79e13c1e0117ce9c2f7
- name: github.com/valyala/fasthttp
  version: 5116aa64e038d917b3916a74da456c00643ff1e6
  subpackages:
  - fasthttputil
  - stackless
- name: github.com/volatiletech/authboss
  version: 58c1136c310e522a7deb5daee86f0a5a261866c4
- name: github.com/vseledkin/goartm
  version: b99cd4c30389fa82c327580ab974878ae72e1a54
- name: github.com/vseledkin/golda
  version: 79d8820963f9ebb0eddfbc8b901b38c4a3e04b52
- name: github.com/vseledkin/gortex
  version: 243c0c185446db5c6f93893236e58c89de18758e
  subpackages:
  - assembler
  - utilities
- name: github.com/vseledkin/govector
  version: 011af34c623cc36bd4560953b80e540773f8b18f
  subpackages:
  - annoy
  - govin
  - index
  - mmap
- name: github.com/Workiva/go-datastructures
  version: e740680cc77dafd9615b25918b39f4a0ef5ab955
  subpackages:
  - augmentedtree
  - batcher
  - bitarray
  - btree
  - cache
  - common
  - fibheap
  - futures
  - hashmap/fastinteger
  - list
  - mock
  - numerics
  - queue
  - rangetree
  - rtree
  - set
  - slice
  - sort
  - threadsafe/err
  - tree/avl
  - trie
- name: github.com/wujiang/mglda
  version: db731e13ff9ed927d743a24369e45cb43ac16286
- name: github.com/x-cray/logrus-prefixed-formatter
  version: bb2702d423886830dee131692131d35648c382e2
- name: github.com/xanzy/go-gitlab
  version: 5b756e2fdc9f21fd4791fa1453b8fe01af0f82e2
- name: github.com/xanzy/ssh-agent
  version: ba9c9e33906f58169366275e3450db66139a31a9
- name: github.com/yanpozka/allst
  version: 8da951ab4cd623083785f06d60c51c4eb4c110fb
- name: github.com/yanpozka/radixsort
  version: 51fc6c52163bdd19b534cf328a8235e74cf4cc42
- name: github.com/yanpozka/trie
  version: 628342bb9ad5a04c91abd3200c05713964a5c555
- name: github.com/ynqa/word-embedding
  version: ddd3aa27363b159b09e175b3394e756b64b237a3
  subpackages:
  - models
  - models/word2vec
  - similarity
  - utils
  - utils/fileio
  - utils/set
  - utils/vector
- name: github.com/zbindenren/negroni-prometheus
  version: fc4e664b054e13e568e6cacd913d8d238545d88b
- name: github.com/zephyyrr/plugins
  version: 91568586198aba8df55828908a1a6b7725710c35
  subpackages:
  - structhandler
- name: github.com/ziahamza/blend
  version: a183c6f9977ddf343a6650b8dd5d4f3782f94707
  subpackages:
  - api
  - db
  - events
  - server
- name: go4.org
  version: 034d17a462f7b2dcd1a4a73553ec5357ff6e6c6e
  subpackages:
  - reflectutil
  - sort
- name: golang.org/x/crypto
  version: dd96d35c1b251a7ef77f057fc5c4f92ea2b285b4
  subpackages:
  - curve25519
  - ed25519
  - ed25519/internal/edwards25519
  - md4
  - openpgp
  - openpgp/armor
  - openpgp/clearsign
  - ssh
  - ssh/agent
  - ssh/knownhosts
  - ssh/terminal
- name: golang.org/x/image
  version: e20db36d77bd0cb36cea8fe49d5c37d82d21591f
  subpackages:
  - bmp
  - font
  - math/fixed
  - riff
  - tiff
  - tiff/lzw
  - vp8
  - vp8l
  - webp
- name: golang.org/x/net
  version: e45385e9b226f570b1f086bf287b25d3d4117776
  subpackages:
  - context
  - context/ctxhttp
  - html
  - html/atom
  - html/charset
  - http2
  - http2/hpack
  - internal/timeseries
  - proxy
  - trace
  - webdav
- name: golang.org/x/oauth2
  version: 13449ad91cb26cb47661c1b080790392170385fd
  subpackages:
  - facebook
  - github
  - google
  - internal
  - jws
  - jwt
- name: golang.org/x/sys
  version: e24f485414aeafb646f6fca458b0bf869c0880a1
  subpackages:
  - unix
  - windows
- name: golang.org/x/text
  version: 5ee49cfe751141f8017047bab800d1f528ee3be1
  repo: https://go.googlesource.com/text
  subpackages:
  - encoding
  - encoding/charmap
  - encoding/htmlindex
  - encoding/internal
  - encoding/internal/identifier
  - encoding/japanese
  - encoding/korean
  - encoding/simplifiedchinese
  - encoding/traditionalchinese
  - encoding/unicode
  - internal/tag
  - internal/utf8internal
  - language
  - runes
  - transform
  - unicode/norm
- name: google.golang.org/appengine
  version: d9a072cfa7b9736e44311ef77b3e09d804bfa599
  subpackages:
  - datastore
  - internal
  - internal/app_identity
  - internal/base
  - internal/datastore
  - internal/log
  - internal/modules
  - internal/remote_api
  - internal/urlfetch
  - urlfetch
- name: google.golang.org/genproto
  version: 595979c8a7bf586b2d293fb42246bf91a0b893d9
  subpackages:
  - googleapis/api/annotations
  - googleapis/iam/v1
  - googleapis/rpc/status
- name: google.golang.org/grpc
  version: f92cdcd7dcdc69e81b2d7b338479a19a8723cfa3
  subpackages:
  - codes
  - connectivity
  - credentials
  - credentials/oauth
  - grpclb/grpc_lb_v1
  - grpclb/grpc_lb_v1/messages
  - grpclog
  - internal
  - keepalive
  - metadata
  - naming
  - peer
  - stats
  - status
  - tap
  - transport
- name: gopkg.in/bblfsh/sdk.v0
  version: 63a5c96d2d00e2b76932f26459d089e0bcbf5835
  subpackages:
  - uast
- name: gopkg.in/d4l3k/messagediff.v1
  version: 7b706999d935b04cf2dbc71a5a5afcbd288aeb48
- name: gopkg.in/dgrijalva/jwt-go.v3
  version: d2709f9f1f31ebcda9651b03077758c1f3a0018c
- name: gopkg.in/fatih/set.v0
  version: 27c40922c40b43fe04554d8223a402af3ea333f3
- name: gopkg.in/gin-contrib/cors.v1
  version: cf4846e6a636a76237a28d9286f163c132e841bc
- name: gopkg.in/go-playground/validator.v8
  version: 5f1438d3fca68893a817e4a66806cea46a9e4ebf
- name: gopkg.in/gormigrate.v1
  version: 21b0b93e8253d575d9185974835423f98d30158d
- name: gopkg.in/inconshreveable/log15.v2
  version: b105bd37f74e5d9dc7b6ad7806715c7a2b83fd3f
  subpackages:
  - stack
  - term
- name: gopkg.in/jmcvetta/napping.v3
  version: 4c7b4b235c63152afa9a1c6384e708e0fbfd77ca
- name: gopkg.in/mgo.v2
  version: ac340de385459c6fec994606fb457b6ffe69d55f
  subpackages:
  - bson
  - txn
- name: gopkg.in/olivere/elastic.v5
  version: edbef41beaacc2ee95e61af8faff04e67c01e268
- name: gopkg.in/pipe.v2
  version: 3c2ca4d525447ec8b2f606a6974f9c9f40831f26
- name: gopkg.in/redis.v5
  version: a16aeec10ff407b1e7be6dd35797ccf5426ef0f0
- name: gopkg.in/src-d/core-retrieval.v0
  version: 7426f069e342b557b38853af1e372aa664a1678f
  subpackages:
  - model
  - repository
  - schema
- name: gopkg.in/src-d/core.v0
  version: e2db1e8d9ca0e77302b5c8f181dbad90e65cedc8
  subpackages:
  - model
- name: gopkg.in/src-d/enry.v1
  version: 0fe0a97f67b4dd856f36e689ec886b9226701ffc
  subpackages:
  - data
  - internal/tokenizer
- name: gopkg.in/src-d/framework.v0
  version: f1a98e57ed5f295ca8272ebd21280f87b753786f
  subpackages:
  - configurable
  - database
  - lock
  - queue
- name: gopkg.in/src-d/go-billy-siva.v3
  version: 763351934333e34370292b308c74bcb71035e22a
  repo: https://github.com/src-d/go-billy-siva.git
- name: gopkg.in/src-d/go-billy.v3
  version: d0dc16de10d86398cc9aba4513a2453b401eceb3
  repo: https://github.com/src-d/go-billy.git
  subpackages:
  - helper/chroot
  - helper/mount
  - helper/polyfill
  - osfs
  - util
- name: gopkg.in/src-d/go-errors.v0
  version: 6f07baca276330431b44ece8ee84ac98167bc4ea
- name: gopkg.in/src-d/go-git.v4
  version: 2dc59a6925f47e9d1bc99dd64d86e37b79b65d11
  repo: https://github.com/src-d/go-git.git
  subpackages:
  - _examples
  - config
  - internal/revision
  - plumbing
  - plumbing/cache
  - plumbing/filemode
  - plumbing/format/config
  - plumbing/format/diff
  - plumbing/format/gitignore
  - plumbing/format/idxfile
  - plumbing/format/index
  - plumbing/format/objfile
  - plumbing/format/packfile
  - plumbing/format/pktline
  - plumbing/object
  - plumbing/protocol/packp
  - plumbing/protocol/packp/capability
  - plumbing/protocol/packp/sideband
  - plumbing/revlist
  - plumbing/storer
  - plumbing/transport
  - plumbing/transport/client
  - plumbing/transport/file
  - plumbing/transport/git
  - plumbing/transport/http
  - plumbing/transport/internal/common
  - plumbing/transport/server
  - plumbing/transport/ssh
  - storage
  - storage/filesystem
  - storage/filesystem/internal/dotgit
  - storage/memory
  - utils/binary
  - utils/diff
  - utils/ioutil
  - utils/merkletrie
  - utils/merkletrie/filesystem
  - utils/merkletrie/index
  - utils/merkletrie/internal/frame
  - utils/merkletrie/noder
- name: gopkg.in/src-d/go-kallax.v1
  version: 80487620b6c62eb3f558bf9863be31842912dd47
  subpackages:
  - types
- name: gopkg.in/src-d/go-siva.v1
  version: 1b9a917e872d49accbc4f4283b4fc0beb40e91b8
- name: gopkg.in/toqueteos/substring.v1
  version: c5f61671513240ddf5563635cc4a90e9f3ae4710
- name: gopkg.in/unrolled/secure.v1
  version: 19a872c81779b0456e9ee495a8162fb60c57b0c0
- name: gopkg.in/v2/yaml
  version: eb3733d160e74a9c7e442f435eb3bea458e1d19f
- name: gopkg.in/vmihailenco/msgpack.v2
  version: f4f8982de4ef0de18be76456617cc3f5d8d8141e
  subpackages:
  - codes
- name: gopkg.in/warnings.v0
  version: 8a331561fe74dadba6edfc59f3be66c22c3b065d
- name: gopkg.in/yaml.v1
  version: 9f9df34309c04878acc86042b16630b0f696e1de
- name: gopkg.in/yaml.v2
  version: eb3733d160e74a9c7e442f435eb3bea458e1d19f
testImports:
- name: github.com/gopherjs/gopherjs
  version: b40cd48c38f9a18eb3db20d163bad78de12cf0b7
  subpackages:
  - js
- name: github.com/jtolds/gls
  version: 77f18212c9c7edc9bd6a33d383a7b545ce62f064
- name: github.com/smartystreets/assertions
  version: 9c0ea8acbc1d8ad689f9e6fe0c1fa5838e0cabc2
  subpackages:
  - internal/go-render/render
  - internal/oglematchers
- name: github.com/smartystreets/goconvey
  version: e5b2b7c9111590d019a696c7800593f666e1a7f4
  subpackages:
  - convey
  - convey/gotest
  - convey/reporting
